{
  "name": "qgis",
  "version": "1.0.0",
  "lockfileVersion": 1,
  "requires": true,
  "dependencies": {
    "yarn": {
      "version": "1.22.21",
      "resolved": "https://registry.npmjs.org/yarn/-/yarn-1.22.21.tgz",
      "integrity": "sha512-ynXaJsADJ9JiZ84zU25XkPGOvVMmZ5b7tmTSpKURYwgELdjucAOydqIOrOfTxVYcNXe91xvLZwcRh68SR3liCg=="
    }
  }
}
