{
    "_meta": {
        "hash": {
            "sha256": "d87e18edb916ed4251e8fde8c3a650745469adc08dd3a36b64965141dc2fca16"
        },
        "pipfile-spec": 6,
        "requires": {
            "python_version": "3.8"
        },
        "sources": [
            {
                "name": "pypi",
                "url": "https://pypi.org/simple",
                "verify_ssl": true
            }
        ]
    },
    "default": {
        "certifi": {
            "hashes": [
                "sha256:78884e7c1d4b00ce3cea67b44566851c4343c120abd683433ce934a68ea58872",
                "sha256:d62a0163eb4c2344ac042ab2bdf75399a71a2d8c7d47eac2e2ee91b9d6339569"
            ],
            "version": "==2021.10.8"
        },
        "charset-normalizer": {
            "hashes": [
                "sha256:876d180e9d7432c5d1dfd4c5d26b72f099d503e8fcc0feb7532c9289be60fcbd",
                "sha256:cb957888737fc0bbcd78e3df769addb41fd1ff8cf950dc9e7ad7793f1bf44455"
            ],
            "markers": "python_version >= '3'",
            "version": "==2.0.10"
        },
        "idna": {
            "hashes": [
                "sha256:84d9dd047ffa80596e0f246e2eab0b391788b0503584e8945f2368256d2735ff",
                "sha256:9d643ff0a55b762d5cdb124b8eaa99c66322e2157b69160bc32796e824360e6d"
            ],
            "markers": "python_version >= '3'",
            "version": "==3.3"
        },
        "jinja2": {
            "hashes": [
                "sha256:077ce6014f7b40d03b47d1f1ca4b0fc8328a692bd284016f806ed0eaca390ad8",
                "sha256:611bb273cd68f3b993fabdc4064fc858c5b47a973cb5aa7999ec1ba405c87cd7"
            ],
            "index": "pypi",
            "version": "==3.0.3"
        },
        "markupsafe": {
            "hashes": [
                "sha256:01a9b8ea66f1658938f65b93a85ebe8bc016e6769611be228d797c9d998dd298",
                "sha256:023cb26ec21ece8dc3907c0e8320058b2e0cb3c55cf9564da612bc325bed5e64",
                "sha256:0446679737af14f45767963a1a9ef7620189912317d095f2d9ffa183a4d25d2b",
                "sha256:04635854b943835a6ea959e948d19dcd311762c5c0c6e1f0e16ee57022669194",
                "sha256:0717a7390a68be14b8c793ba258e075c6f4ca819f15edfc2a3a027c823718567",
                "sha256:0955295dd5eec6cb6cc2fe1698f4c6d84af2e92de33fbcac4111913cd100a6ff",
                "sha256:0d4b31cc67ab36e3392bbf3862cfbadac3db12bdd8b02a2731f509ed5b829724",
                "sha256:10f82115e21dc0dfec9ab5c0223652f7197feb168c940f3ef61563fc2d6beb74",
                "sha256:168cd0a3642de83558a5153c8bd34f175a9a6e7f6dc6384b9655d2697312a646",
                "sha256:1d609f577dc6e1aa17d746f8bd3c31aa4d258f4070d61b2aa5c4166c1539de35",
                "sha256:1f2ade76b9903f39aa442b4aadd2177decb66525062db244b35d71d0ee8599b6",
                "sha256:20dca64a3ef2d6e4d5d615a3fd418ad3bde77a47ec8a23d984a12b5b4c74491a",
                "sha256:2a7d351cbd8cfeb19ca00de495e224dea7e7d919659c2841bbb7f420ad03e2d6",
                "sha256:2d7d807855b419fc2ed3e631034685db6079889a1f01d5d9dac950f764da3dad",
                "sha256:2ef54abee730b502252bcdf31b10dacb0a416229b72c18b19e24a4509f273d26",
                "sha256:36bc903cbb393720fad60fc28c10de6acf10dc6cc883f3e24ee4012371399a38",
                "sha256:37205cac2a79194e3750b0af2a5720d95f786a55ce7df90c3af697bfa100eaac",
                "sha256:3c112550557578c26af18a1ccc9e090bfe03832ae994343cfdacd287db6a6ae7",
                "sha256:3dd007d54ee88b46be476e293f48c85048603f5f516008bee124ddd891398ed6",
                "sha256:4296f2b1ce8c86a6aea78613c34bb1a672ea0e3de9c6ba08a960efe0b0a09047",
                "sha256:47ab1e7b91c098ab893b828deafa1203de86d0bc6ab587b160f78fe6c4011f75",
                "sha256:49e3ceeabbfb9d66c3aef5af3a60cc43b85c33df25ce03d0031a608b0a8b2e3f",
                "sha256:4dc8f9fb58f7364b63fd9f85013b780ef83c11857ae79f2feda41e270468dd9b",
                "sha256:4efca8f86c54b22348a5467704e3fec767b2db12fc39c6d963168ab1d3fc9135",
                "sha256:53edb4da6925ad13c07b6d26c2a852bd81e364f95301c66e930ab2aef5b5ddd8",
                "sha256:5855f8438a7d1d458206a2466bf82b0f104a3724bf96a1c781ab731e4201731a",
                "sha256:594c67807fb16238b30c44bdf74f36c02cdf22d1c8cda91ef8a0ed8dabf5620a",
                "sha256:5b6d930f030f8ed98e3e6c98ffa0652bdb82601e7a016ec2ab5d7ff23baa78d1",
                "sha256:5bb28c636d87e840583ee3adeb78172efc47c8b26127267f54a9c0ec251d41a9",
                "sha256:60bf42e36abfaf9aff1f50f52644b336d4f0a3fd6d8a60ca0d054ac9f713a864",
                "sha256:611d1ad9a4288cf3e3c16014564df047fe08410e628f89805e475368bd304914",
                "sha256:6300b8454aa6930a24b9618fbb54b5a68135092bc666f7b06901f897fa5c2fee",
                "sha256:63f3268ba69ace99cab4e3e3b5840b03340efed0948ab8f78d2fd87ee5442a4f",
                "sha256:6557b31b5e2c9ddf0de32a691f2312a32f77cd7681d8af66c2692efdbef84c18",
                "sha256:693ce3f9e70a6cf7d2fb9e6c9d8b204b6b39897a2c4a1aa65728d5ac97dcc1d8",
                "sha256:6a7fae0dd14cf60ad5ff42baa2e95727c3d81ded453457771d02b7d2b3f9c0c2",
                "sha256:6c4ca60fa24e85fe25b912b01e62cb969d69a23a5d5867682dd3e80b5b02581d",
                "sha256:6fcf051089389abe060c9cd7caa212c707e58153afa2c649f00346ce6d260f1b",
                "sha256:7d91275b0245b1da4d4cfa07e0faedd5b0812efc15b702576d103293e252af1b",
                "sha256:89c687013cb1cd489a0f0ac24febe8c7a666e6e221b783e53ac50ebf68e45d86",
                "sha256:8d206346619592c6200148b01a2142798c989edcb9c896f9ac9722a99d4e77e6",
                "sha256:905fec760bd2fa1388bb5b489ee8ee5f7291d692638ea5f67982d968366bef9f",
                "sha256:97383d78eb34da7e1fa37dd273c20ad4320929af65d156e35a5e2d89566d9dfb",
                "sha256:984d76483eb32f1bcb536dc27e4ad56bba4baa70be32fa87152832cdd9db0833",
                "sha256:99df47edb6bda1249d3e80fdabb1dab8c08ef3975f69aed437cb69d0a5de1e28",
                "sha256:9f02365d4e99430a12647f09b6cc8bab61a6564363f313126f775eb4f6ef798e",
                "sha256:a30e67a65b53ea0a5e62fe23682cfe22712e01f453b95233b25502f7c61cb415",
                "sha256:ab3ef638ace319fa26553db0624c4699e31a28bb2a835c5faca8f8acf6a5a902",
                "sha256:aca6377c0cb8a8253e493c6b451565ac77e98c2951c45f913e0b52facdcff83f",
                "sha256:add36cb2dbb8b736611303cd3bfcee00afd96471b09cda130da3581cbdc56a6d",
                "sha256:b2f4bf27480f5e5e8ce285a8c8fd176c0b03e93dcc6646477d4630e83440c6a9",
                "sha256:b7f2d075102dc8c794cbde1947378051c4e5180d52d276987b8d28a3bd58c17d",
                "sha256:baa1a4e8f868845af802979fcdbf0bb11f94f1cb7ced4c4b8a351bb60d108145",
                "sha256:be98f628055368795d818ebf93da628541e10b75b41c559fdf36d104c5787066",
                "sha256:bf5d821ffabf0ef3533c39c518f3357b171a1651c1ff6827325e4489b0e46c3c",
                "sha256:c47adbc92fc1bb2b3274c4b3a43ae0e4573d9fbff4f54cd484555edbf030baf1",
                "sha256:cdfba22ea2f0029c9261a4bd07e830a8da012291fbe44dc794e488b6c9bb353a",
                "sha256:d6c7ebd4e944c85e2c3421e612a7057a2f48d478d79e61800d81468a8d842207",
                "sha256:d7f9850398e85aba693bb640262d3611788b1f29a79f0c93c565694658f4071f",
                "sha256:d8446c54dc28c01e5a2dbac5a25f071f6653e6e40f3a8818e8b45d790fe6ef53",
                "sha256:deb993cacb280823246a026e3b2d81c493c53de6acfd5e6bfe31ab3402bb37dd",
                "sha256:e0f138900af21926a02425cf736db95be9f4af72ba1bb21453432a07f6082134",
                "sha256:e9936f0b261d4df76ad22f8fee3ae83b60d7c3e871292cd42f40b81b70afae85",
                "sha256:f0567c4dc99f264f49fe27da5f735f414c4e7e7dd850cfd8e69f0862d7c74ea9",
                "sha256:f5653a225f31e113b152e56f154ccbe59eeb1c7487b39b9d9f9cdb58e6c79dc5",
                "sha256:f826e31d18b516f653fe296d967d700fddad5901ae07c622bb3705955e1faa94",
                "sha256:f8ba0e8349a38d3001fae7eadded3f6606f0da5d748ee53cc1dab1d6527b9509",
                "sha256:f9081981fe268bd86831e5c75f7de206ef275defcb82bc70740ae6dc507aee51",
                "sha256:fa130dd50c57d53368c9d59395cb5526eda596d3ffe36666cd81a44d56e48872"
            ],
            "markers": "python_version >= '3.6'",
            "version": "==2.0.1"
        },
        "numpy": {
            "hashes": [
                "sha256:043e83bfc274649c82a6f09836943e4a4aebe5e33656271c7dbf9621dd58b8ec",
                "sha256:160ccc1bed3a8371bf0d760971f09bfe80a3e18646620e9ded0ad159d9749baa",
                "sha256:188031f833bbb623637e66006cf75e933e00e7231f67e2b45cf8189612bb5dc3",
                "sha256:28f15209fb535dd4c504a7762d3bc440779b0e37d50ed810ced209e5cea60d96",
                "sha256:29fb3dcd0468b7715f8ce2c0c2d9bbbaf5ae686334951343a41bd8d155c6ea27",
                "sha256:2a6ee9620061b2a722749b391c0d80a0e2ae97290f1b32e28d5a362e21941ee4",
                "sha256:300321e3985c968e3ae7fbda187237b225f3ffe6528395a5b7a5407f73cf093e",
                "sha256:32437f0b275c1d09d9c3add782516413e98cd7c09e6baf4715cbce781fc29912",
                "sha256:3c09418a14471c7ae69ba682e2428cae5b4420a766659605566c0fa6987f6b7e",
                "sha256:49c6249260890e05b8111ebfc391ed58b3cb4b33e63197b2ec7f776e45330721",
                "sha256:4cc9b512e9fb590797474f58b7f6d1f1b654b3a94f4fa8558b48ca8b3cfc97cf",
                "sha256:508b0b513fa1266875524ba8a9ecc27b02ad771fe1704a16314dc1a816a68737",
                "sha256:50cd26b0cf6664cb3b3dd161ba0a09c9c1343db064e7c69f9f8b551f5104d654",
                "sha256:5c4193f70f8069550a1788bd0cd3268ab7d3a2b70583dfe3b2e7f421e9aace06",
                "sha256:5dfe9d6a4c39b8b6edd7990091fea4f852888e41919d0e6722fe78dd421db0eb",
                "sha256:63571bb7897a584ca3249c86dd01c10bcb5fe4296e3568b2e9c1a55356b6410e",
                "sha256:75621882d2230ab77fb6a03d4cbccd2038511491076e7964ef87306623aa5272",
                "sha256:75eb7cadc8da49302f5b659d40ba4f6d94d5045fbd9569c9d058e77b0514c9e4",
                "sha256:88a5d6b268e9ad18f3533e184744acdaa2e913b13148160b1152300c949bbb5f",
                "sha256:8a10968963640e75cc0193e1847616ab4c718e83b6938ae74dea44953950f6b7",
                "sha256:90bec6a86b348b4559b6482e2b684db4a9a7eed1fa054b86115a48d58fbbf62a",
                "sha256:98339aa9911853f131de11010f6dd94c8cec254d3d1f7261528c3b3e3219f139",
                "sha256:a99a6b067e5190ac6d12005a4d85aa6227c5606fa93211f86b1dafb16233e57d",
                "sha256:bffa2eee3b87376cc6b31eee36d05349571c236d1de1175b804b348dc0941e3f",
                "sha256:c6c2d535a7beb1f8790aaa98fd089ceab2e3dd7ca48aca0af7dc60e6ef93ffe1",
                "sha256:cc14e7519fab2a4ed87d31f99c31a3796e4e1fe63a86ebdd1c5a1ea78ebd5896",
                "sha256:dd0482f3fc547f1b1b5d6a8b8e08f63fdc250c58ce688dedd8851e6e26cff0f3",
                "sha256:dde972a1e11bb7b702ed0e447953e7617723760f420decb97305e66fb4afc54f",
                "sha256:e54af82d68ef8255535a6cdb353f55d6b8cf418a83e2be3569243787a4f4866f",
                "sha256:e606e6316911471c8d9b4618e082635cfe98876007556e89ce03d52ff5e8fcf0",
                "sha256:f41b018f126aac18583956c54544db437f25c7ee4794bcb23eb38bef8e5e192a",
                "sha256:f8f4625536926a155b80ad2bbff44f8cc59e9f2ad14cdda7acf4c135b4dc8ff2",
                "sha256:fe52dbe47d9deb69b05084abd4b0df7abb39a3c51957c09f635520abd49b29dd"
            ],
            "index": "pypi",
            "version": "==1.21.3"
        },
        "owslib": {
            "hashes": [
                "sha256:20d79bce0be10277caa36f3134826bd0065325df0301a55b2c8b1c338d8d8f0a",
                "sha256:78cfd1d369d7f225705180de3776f1a69770505b8af2b79728edced85204186f"
            ],
            "index": "pypi",
            "version": "==0.25.0"
        },
        "packaging": {
            "hashes": [
                "sha256:dd47c42927d89ab911e606518907cc2d3a1f38bbd026385970643f9c5b8ecfeb",
                "sha256:ef103e05f519cdc783ae24ea4e2e0f508a9c99b2d4969652eed6a2e1ea5bd522"
            ],
            "markers": "python_version >= '3.6'",
            "version": "==21.3"
        },
        "pillow": {
            "hashes": [
                "sha256:03b27b197deb4ee400ed57d8d4e572d2d8d80f825b6634daf6e2c18c3c6ccfa6",
                "sha256:0b281fcadbb688607ea6ece7649c5d59d4bbd574e90db6cd030e9e85bde9fecc",
                "sha256:0ebd8b9137630a7bbbff8c4b31e774ff05bbb90f7911d93ea2c9371e41039b52",
                "sha256:113723312215b25c22df1fdf0e2da7a3b9c357a7d24a93ebbe80bfda4f37a8d4",
                "sha256:2d16b6196fb7a54aff6b5e3ecd00f7c0bab1b56eee39214b2b223a9d938c50af",
                "sha256:2fd8053e1f8ff1844419842fd474fc359676b2e2a2b66b11cc59f4fa0a301315",
                "sha256:31b265496e603985fad54d52d11970383e317d11e18e856971bdbb86af7242a4",
                "sha256:3586e12d874ce2f1bc875a3ffba98732ebb12e18fb6d97be482bd62b56803281",
                "sha256:47f5cf60bcb9fbc46011f75c9b45a8b5ad077ca352a78185bd3e7f1d294b98bb",
                "sha256:490e52e99224858f154975db61c060686df8a6b3f0212a678e5d2e2ce24675c9",
                "sha256:500d397ddf4bbf2ca42e198399ac13e7841956c72645513e8ddf243b31ad2128",
                "sha256:52abae4c96b5da630a8b4247de5428f593465291e5b239f3f843a911a3cf0105",
                "sha256:6579f9ba84a3d4f1807c4aab4be06f373017fc65fff43498885ac50a9b47a553",
                "sha256:68e06f8b2248f6dc8b899c3e7ecf02c9f413aab622f4d6190df53a78b93d97a5",
                "sha256:6c5439bfb35a89cac50e81c751317faea647b9a3ec11c039900cd6915831064d",
                "sha256:72c3110228944019e5f27232296c5923398496b28be42535e3b2dc7297b6e8b6",
                "sha256:72f649d93d4cc4d8cf79c91ebc25137c358718ad75f99e99e043325ea7d56100",
                "sha256:7aaf07085c756f6cb1c692ee0d5a86c531703b6e8c9cae581b31b562c16b98ce",
                "sha256:80fe92813d208ce8aa7d76da878bdc84b90809f79ccbad2a288e9bcbeac1d9bd",
                "sha256:95545137fc56ce8c10de646074d242001a112a92de169986abd8c88c27566a05",
                "sha256:97b6d21771da41497b81652d44191489296555b761684f82b7b544c49989110f",
                "sha256:98cb63ca63cb61f594511c06218ab4394bf80388b3d66cd61d0b1f63ee0ea69f",
                "sha256:9f3b4522148586d35e78313db4db0df4b759ddd7649ef70002b6c3767d0fdeb7",
                "sha256:a09a9d4ec2b7887f7a088bbaacfd5c07160e746e3d47ec5e8050ae3b2a229e9f",
                "sha256:b5050d681bcf5c9f2570b93bee5d3ec8ae4cf23158812f91ed57f7126df91762",
                "sha256:bb47a548cea95b86494a26c89d153fd31122ed65255db5dcbc421a2d28eb3379",
                "sha256:bc462d24500ba707e9cbdef436c16e5c8cbf29908278af053008d9f689f56dee",
                "sha256:c2067b3bb0781f14059b112c9da5a91c80a600a97915b4f48b37f197895dd925",
                "sha256:d154ed971a4cc04b93a6d5b47f37948d1f621f25de3e8fa0c26b2d44f24e3e8f",
                "sha256:d5dcea1387331c905405b09cdbfb34611050cc52c865d71f2362f354faee1e9f",
                "sha256:ee6e2963e92762923956fe5d3479b1fdc3b76c83f290aad131a2f98c3df0593e",
                "sha256:fd0e5062f11cb3e730450a7d9f323f4051b532781026395c4323b8ad055523c4"
            ],
            "index": "pypi",
            "version": "==9.0.0"
        },
        "psycopg2": {
            "hashes": [
                "sha256:079d97fc22de90da1d370c90583659a9f9a6ee4007355f5825e5f1c70dffc1fa",
                "sha256:2087013c159a73e09713294a44d0c8008204d06326006b7f652bef5ace66eebb",
                "sha256:2c992196719fadda59f72d44603ee1a2fdcc67de097eea38d41c7ad9ad246e62",
                "sha256:7640e1e4d72444ef012e275e7b53204d7fab341fb22bc76057ede22fe6860b25",
                "sha256:7f91312f065df517187134cce8e395ab37f5b601a42446bdc0f0d51773621854",
                "sha256:830c8e8dddab6b6716a4bf73a09910c7954a92f40cf1d1e702fb93c8a919cc56",
                "sha256:89409d369f4882c47f7ea20c42c5046879ce22c1e4ea20ef3b00a4dfc0a7f188",
                "sha256:bf35a25f1aaa8a3781195595577fcbb59934856ee46b4f252f56ad12b8043bcf",
                "sha256:de5303a6f1d0a7a34b9d40e4d3bef684ccc44a49bbe3eb85e3c0bffb4a131b7c"
            ],
            "index": "pypi",
            "version": "==2.9.1"
        },
        "pygments": {
            "hashes": [
                "sha256:44238f1b60a76d78fc8ca0528ee429702aae011c265fe6a8dd8b63049ae41c65",
                "sha256:4e426f72023d88d03b2fa258de560726ce890ff3b630f88c21cbb8b2503b8c6a"
            ],
            "index": "pypi",
            "version": "==2.11.2"
        },
        "pyparsing": {
            "hashes": [
                "sha256:04ff808a5b90911829c55c4e26f75fa5ca8a2f5f36aa3a51f68e27033341d3e4",
                "sha256:d9bdec0013ef1eb5a84ab39a3b3868911598afa494f5faa038647101504e2b81"
            ],
            "markers": "python_version >= '3.6'",
            "version": "==3.0.6"
        },
        "pyproj": {
            "hashes": [
                "sha256:067a5c6099949edd66e9a10b139af4e2f65ebadb9f59583923a1d3feefac749a",
                "sha256:0e1fd560b509b722db6566fa9685252f25640e93464d09e13d5190ed7ab491ba",
                "sha256:235b52d8700ffb6be1f3638b1e25d83a9c13edcdb793236d8a98fd39227c5c27",
                "sha256:277072176a17471c0b1d25d6cae75401d81e9b50ea625ba546f5b79acd757dfc",
                "sha256:2c41c9b7b5e1a1b0acc2b7b2f5de65b226f7b96c870888e4f679ff96322b1ed0",
                "sha256:3d28b84913cd849832a8f154c0e0c2ee4618057f7389ee68bfdb2145e7ed78cc",
                "sha256:4125e6704751d0e82d8d912d9851da097e8d38599d4c45f9944faaeb21771938",
                "sha256:44b5590c0b8dd002154916e170ef88f57abf91005b34bcb23faef97abb4d42c2",
                "sha256:4d2fc49c73d9f34e932bf37926d56916ba1b6f2f693cd4d8cc1d0d9eacc0e537",
                "sha256:5a105bfe37c78416d2641cd5d3368c99057d041f15f8d51ea3898953b21395c9",
                "sha256:99f171da5f885efeec8d7fb2e2557175ffa8834eeb488842b1f52ac78a9a98e5",
                "sha256:ab4baf781721640659db83a6b4da636fc403008f4978c668275754284c946778",
                "sha256:b15e199c1da8fd132e11dfa68d8cf65d4812dedabc776b308df778ecd0d07658",
                "sha256:b48dd9e5736957707fce1d9253fb0772bcf80480198c7790e21fed73fee61240",
                "sha256:ce1adec823738e2d7c6af019fc38f58b4204bacfc782e4430373578c672f3833",
                "sha256:ce8bfbc212729e9a643f5f5d77f7a93394e032eda1e2d8799ae902d08add747e",
                "sha256:dbf479bd481774ad217e9db5674868eee8f01dfe3868f61753328895ae7da61a",
                "sha256:e70a1ea6f198cace1a492397bdd0a46e640201120973293d6c48031e370d6a87",
                "sha256:eca8ecf2b6b3225d93c723e6a2f51143d9195ac407f69e979363cdde344b93bb",
                "sha256:fcceb6736085bf19291b707bc67c8cebe05330bd02268e9b8eba6d28a1905fce"
            ],
            "markers": "python_version >= '3.8'",
            "version": "==3.3.0"
        },
        "python-dateutil": {
            "hashes": [
                "sha256:0123cacc1627ae19ddf3c27a5de5bd67ee4586fbdd6440d9748f8abb483d3e86",
                "sha256:961d03dc3453ebbc59dbdea9e4e11c5651520a876d0f4db161e8674aae935da9"
            ],
            "markers": "python_version >= '2.7' and python_version not in '3.0, 3.1, 3.2, 3.3'",
            "version": "==2.8.2"
        },
        "pythonqwt": {
            "hashes": [
                "sha256:d5592e8204bffa58e805792b38e0fc633647ee706ae80623ab41742bab57ea87",
                "sha256:faf60a7b405ba6300e2d5273d0a418be1633cd3291c0f1bc0afe961c1cf01387"
            ],
            "index": "pypi",
            "version": "==0.9.2"
        },
        "pytz": {
            "hashes": [
                "sha256:3672058bc3453457b622aab7a1c3bfd5ab0bdae451512f6cf25f64ed37f5b87c",
                "sha256:acad2d8b20a1af07d4e4c9d2e9285c5ed9104354062f275f3fcd88dcef4f1326"
            ],
            "version": "==2021.3"
        },
        "pyyaml": {
            "hashes": [
                "sha256:0283c35a6a9fbf047493e3a0ce8d79ef5030852c51e9d911a27badfde0605293",
                "sha256:055d937d65826939cb044fc8c9b08889e8c743fdc6a32b33e2390f66013e449b",
                "sha256:07751360502caac1c067a8132d150cf3d61339af5691fe9e87803040dbc5db57",
                "sha256:0b4624f379dab24d3725ffde76559cff63d9ec94e1736b556dacdfebe5ab6d4b",
                "sha256:0ce82d761c532fe4ec3f87fc45688bdd3a4c1dc5e0b4a19814b9009a29baefd4",
                "sha256:1e4747bc279b4f613a09eb64bba2ba602d8a6664c6ce6396a4d0cd413a50ce07",
                "sha256:213c60cd50106436cc818accf5baa1aba61c0189ff610f64f4a3e8c6726218ba",
                "sha256:231710d57adfd809ef5d34183b8ed1eeae3f76459c18fb4a0b373ad56bedcdd9",
                "sha256:277a0ef2981ca40581a47093e9e2d13b3f1fbbeffae064c1d21bfceba2030287",
                "sha256:2cd5df3de48857ed0544b34e2d40e9fac445930039f3cfe4bcc592a1f836d513",
                "sha256:40527857252b61eacd1d9af500c3337ba8deb8fc298940291486c465c8b46ec0",
                "sha256:473f9edb243cb1935ab5a084eb238d842fb8f404ed2193a915d1784b5a6b5fc0",
                "sha256:48c346915c114f5fdb3ead70312bd042a953a8ce5c7106d5bfb1a5254e47da92",
                "sha256:50602afada6d6cbfad699b0c7bb50d5ccffa7e46a3d738092afddc1f9758427f",
                "sha256:68fb519c14306fec9720a2a5b45bc9f0c8d1b9c72adf45c37baedfcd949c35a2",
                "sha256:77f396e6ef4c73fdc33a9157446466f1cff553d979bd00ecb64385760c6babdc",
                "sha256:819b3830a1543db06c4d4b865e70ded25be52a2e0631ccd2f6a47a2822f2fd7c",
                "sha256:897b80890765f037df3403d22bab41627ca8811ae55e9a722fd0392850ec4d86",
                "sha256:98c4d36e99714e55cfbaaee6dd5badbc9a1ec339ebfc3b1f52e293aee6bb71a4",
                "sha256:9df7ed3b3d2e0ecfe09e14741b857df43adb5a3ddadc919a2d94fbdf78fea53c",
                "sha256:9fa600030013c4de8165339db93d182b9431076eb98eb40ee068700c9c813e34",
                "sha256:a80a78046a72361de73f8f395f1f1e49f956c6be882eed58505a15f3e430962b",
                "sha256:b3d267842bf12586ba6c734f89d1f5b871df0273157918b0ccefa29deb05c21c",
                "sha256:b5b9eccad747aabaaffbc6064800670f0c297e52c12754eb1d976c57e4f74dcb",
                "sha256:c5687b8d43cf58545ade1fe3e055f70eac7a5a1a0bf42824308d868289a95737",
                "sha256:cba8c411ef271aa037d7357a2bc8f9ee8b58b9965831d9e51baf703280dc73d3",
                "sha256:d15a181d1ecd0d4270dc32edb46f7cb7733c7c508857278d3d378d14d606db2d",
                "sha256:d4db7c7aef085872ef65a8fd7d6d09a14ae91f691dec3e87ee5ee0539d516f53",
                "sha256:d4eccecf9adf6fbcc6861a38015c2a64f38b9d94838ac1810a9023a0609e1b78",
                "sha256:d67d839ede4ed1b28a4e8909735fc992a923cdb84e618544973d7dfc71540803",
                "sha256:daf496c58a8c52083df09b80c860005194014c3698698d1a57cbcfa182142a3a",
                "sha256:e61ceaab6f49fb8bdfaa0f92c4b57bcfbea54c09277b1b4f7ac376bfb7a7c174",
                "sha256:f84fbc98b019fef2ee9a1cb3ce93e3187a6df0b2538a651bfb890254ba9f90b5"
            ],
            "index": "pypi",
            "version": "==6.0"
        },
        "qtpy": {
            "hashes": [
                "sha256:83c502973e9fdd7b648d8267a421229ea3d9a0651c22e4c65a4d9228479c39b6",
                "sha256:d6e4ae3a41f1fcb19762b58f35ad6dd443b4bdc867a4cb81ef10ccd85403c92b"
            ],
            "markers": "python_version >= '2.7' and python_version not in '3.0, 3.1, 3.2, 3.3, 3.4, 3.5'",
            "version": "==1.11.2"
        },
        "requests": {
            "hashes": [
                "sha256:68d7c56fd5a8999887728ef304a6d12edc7be74f1cfa47714fc8b414525c9a61",
                "sha256:f22fa1e554c9ddfd16e6e41ac79759e17be9e492b3587efa038054674760e72d"
            ],
            "markers": "python_version >= '2.7' and python_version not in '3.0, 3.1, 3.2, 3.3, 3.4, 3.5'",
            "version": "==2.27.1"
        },
        "shapely": {
            "hashes": [
                "sha256:0e640d6da59172d679270f0dfd88128b6ae7c57df864a030dd858ff924c307fc",
                "sha256:13cbb959863cec32d48e2cffdc4bb81828bc3b0fa4256c9b2b32edac5021a0e4",
                "sha256:19b54cd840883fd71cce98fd94916d1731eed8a32c115eb082b3ed24e631be02",
                "sha256:1c5632cedea6d815b61eb4c264da1c3f24a8ce2ceba2f74e30fba340ca230563",
                "sha256:26b43b69dfeb8a8cb27aacf5597134baf12337845c2bacb01809540c20d3d904",
                "sha256:2c3cc87e66cbffd00ce0457c03969b64935752824bf43a1cd61f21cf606997d6",
                "sha256:4e8cdffeec6d0c47ed1eb215ec4e80c024ac05be6ded982061c1e1188034f22f",
                "sha256:622f62d2b2da81dd40841a56db0f78bcf9f9af7a83c7d5f5dc9bcb234aa650ba",
                "sha256:68bdf463f7a609fbed42bbded18fa74c82a5741251984a5597d070060f4286f4",
                "sha256:78b3a46dadd47c27e658d5e8d9006b4b1eb9b7ab947b450059225dcee799a18f",
                "sha256:796b15a483ac37c2dc757654186d0e064a42fb6f43cb9d1ff65d81cd0c92a84e",
                "sha256:7e1aebf4f1b2fbef40152fd531216387fcf6fe4ff2d777268381979b63c7c779",
                "sha256:83145eda2e582c2046d1ecc6a0d7dbfe97f492434311124f65ea60f4e87a6b65",
                "sha256:83d10f8b47a7568fc90063f72da62cda201dc92ecadf80cc00c015babc48e11f",
                "sha256:8917a91430126165cfa4bc2b4cf168121e37ff0c8657134e7398c597ca1fe934",
                "sha256:9b54ebd8fa4b78320f6d87032fe91363c7c1bf0f8d4a30eb93bca6413f787fd5",
                "sha256:bd84d993a0e8e07f5ebb4c67794d5392fdd23ce59a7ccc121900f2080f57989a",
                "sha256:cfb9d72d255af1a484e3859f4c9bb737950faf1d16c21d2b949ffc4ba5f46147",
                "sha256:d4ce1f18a0c9bb6b483c73bd7a0eb3a5e90676bcc29b9c27120236e662195c9d",
                "sha256:f304243b1f4d7bca9b3c9fdeec6565171e1b611fb4a3d6c93efc870c8a75958c",
                "sha256:f5307ee14ba4199f8bbcf6532ca33064661c1433960c432c84f0daa73b47ef9c"
            ],
            "index": "pypi",
            "version": "==1.8.0"
        },
        "six": {
            "hashes": [
                "sha256:1e61c37477a1626458e36f7b1d82aa5c9b094fa4802892072e49de9c60c4c926",
                "sha256:8abb2f1d86890a2dfb989f9a77cfcfd3e47c2a354b01111771326f8aa26e0254"
            ],
            "markers": "python_version >= '2.7' and python_version not in '3.0, 3.1, 3.2, 3.3'",
            "version": "==1.16.0"
        },
        "urllib3": {
            "hashes": [
                "sha256:000ca7f471a233c2251c6c7023ee85305721bfdf18621ebff4fd17a8653427ed",
                "sha256:0e7c33d9a63e7ddfcb86780aac87befc2fbddf46c58dbb487e0855f7ceec283c"
            ],
            "markers": "python_version >= '2.7' and python_version not in '3.0, 3.1, 3.2, 3.3, 3.4' and python_version < '4'",
            "version": "==1.26.8"
        }
    },
    "develop": {
        "geolinks": {
            "hashes": [
                "sha256:724b94b3ed619c2282acc74b7908cf866c10e7d97920a882349f1f22df79ca43"
            ],
            "index": "pypi",
            "version": "==0.2.0 "
        },
        "six": {
            "hashes": [
                "sha256:1e61c37477a1626458e36f7b1d82aa5c9b094fa4802892072e49de9c60c4c926",
                "sha256:8abb2f1d86890a2dfb989f9a77cfcfd3e47c2a354b01111771326f8aa26e0254"
            ],
            "markers": "python_version >= '2.7' and python_version not in '3.0, 3.1, 3.2, 3.3'",
            "version": "==1.16.0"
        }
    }
}
