[[package]]
name = "coverage"
version = "6.4.1"
description = "Code coverage measurement for Python"
category = "main"
optional = false
python-versions = ">=3.7"

[package.extras]
toml = ["tomli"]

[[package]]
name = "geolinks"
version = "0.2.0"
description = "Utilities to deal with geospatial links"
category = "main"
optional = false
python-versions = "*"

[[package]]
name = "lxml"
version = "4.9.1"
description = "Powerful and Pythonic XML processing library combining libxml2/libxslt with the ElementTree API."
category = "main"
optional = true
python-versions = ">=2.7, !=3.0.*, !=3.1.*, !=3.2.*, !=3.3.*, != 3.4.*"

[package.extras]
cssselect = ["cssselect (>=0.7)"]
html5 = ["html5lib"]
htmlsoup = ["beautifulsoup4"]
source = ["Cython (>=0.29.7)"]

[[package]]
name = "mock"
version = "4.0.3"
description = "Rolling backport of unittest.mock for all Pythons"
category = "main"
optional = false
python-versions = ">=3.6"

[package.extras]
build = ["twine", "wheel", "blurb"]
docs = ["sphinx"]
test = ["pytest (<5.4)", "pytest-cov"]

[[package]]
name = "nose2"
version = "0.11.0"
description = "unittest2 with plugins, the succesor to nose"
category = "main"
optional = false
python-versions = "*"

[package.dependencies]
coverage = ">=4.4.1"
six = ">=1.7"

[package.extras]
coverage_plugin = ["coverage (>=4.4.1)"]
dev = ["Sphinx (>=1.6.5)", "sphinx-rtd-theme", "mock", "coverage", "sphinx-issues"]

[[package]]
name = "six"
version = "1.16.0"
description = "Python 2 and 3 compatibility utilities"
category = "main"
optional = false
python-versions = ">=2.7, !=3.0.*, !=3.1.*, !=3.2.*"

[extras]
desktop = ["lxml"]

[metadata]
lock-version = "1.1"
python-versions = ">=3.10,<3.11"
content-hash = "2a1f2fb1f286df48b68cb947a14b0d5be5433088cd7fecc84c8c28645d3b41b0"

[metadata.files]
coverage = [
    {file = "coverage-6.4.1-cp310-cp310-macosx_10_9_x86_64.whl", hash = "sha256:f1d5aa2703e1dab4ae6cf416eb0095304f49d004c39e9db1d86f57924f43006b"},
    {file = "coverage-6.4.1-cp310-cp310-macosx_11_0_arm64.whl", hash = "sha256:4ce1b258493cbf8aec43e9b50d89982346b98e9ffdfaae8ae5793bc112fb0068"},
    {file = "coverage-6.4.1-cp310-cp310-manylinux_2_17_aarch64.manylinux2014_aarch64.whl", hash = "sha256:83c4e737f60c6936460c5be330d296dd5b48b3963f48634c53b3f7deb0f34ec4"},
    {file = "coverage-6.4.1-cp310-cp310-manylinux_2_5_i686.manylinux1_i686.manylinux_2_17_i686.manylinux2014_i686.whl", hash = "sha256:84e65ef149028516c6d64461b95a8dbcfce95cfd5b9eb634320596173332ea84"},
    {file = "coverage-6.4.1-cp310-cp310-manylinux_2_5_x86_64.manylinux1_x86_64.manylinux_2_17_x86_64.manylinux2014_x86_64.whl", hash = "sha256:f69718750eaae75efe506406c490d6fc5a6161d047206cc63ce25527e8a3adad"},
    {file = "coverage-6.4.1-cp310-cp310-musllinux_1_1_aarch64.whl", hash = "sha256:e57816f8ffe46b1df8f12e1b348f06d164fd5219beba7d9433ba79608ef011cc"},
    {file = "coverage-6.4.1-cp310-cp310-musllinux_1_1_i686.whl", hash = "sha256:01c5615d13f3dd3aa8543afc069e5319cfa0c7d712f6e04b920431e5c564a749"},
    {file = "coverage-6.4.1-cp310-cp310-musllinux_1_1_x86_64.whl", hash = "sha256:75ab269400706fab15981fd4bd5080c56bd5cc07c3bccb86aab5e1d5a88dc8f4"},
    {file = "coverage-6.4.1-cp310-cp310-win32.whl", hash = "sha256:a7f3049243783df2e6cc6deafc49ea123522b59f464831476d3d1448e30d72df"},
    {file = "coverage-6.4.1-cp310-cp310-win_amd64.whl", hash = "sha256:ee2ddcac99b2d2aec413e36d7a429ae9ebcadf912946b13ffa88e7d4c9b712d6"},
    {file = "coverage-6.4.1-cp37-cp37m-macosx_10_9_x86_64.whl", hash = "sha256:fb73e0011b8793c053bfa85e53129ba5f0250fdc0392c1591fd35d915ec75c46"},
    {file = "coverage-6.4.1-cp37-cp37m-manylinux_2_17_aarch64.manylinux2014_aarch64.whl", hash = "sha256:106c16dfe494de3193ec55cac9640dd039b66e196e4641fa8ac396181578b982"},
    {file = "coverage-6.4.1-cp37-cp37m-manylinux_2_5_i686.manylinux1_i686.manylinux_2_17_i686.manylinux2014_i686.whl", hash = "sha256:87f4f3df85aa39da00fd3ec4b5abeb7407e82b68c7c5ad181308b0e2526da5d4"},
    {file = "coverage-6.4.1-cp37-cp37m-manylinux_2_5_x86_64.manylinux1_x86_64.manylinux_2_17_x86_64.manylinux2014_x86_64.whl", hash = "sha256:961e2fb0680b4f5ad63234e0bf55dfb90d302740ae9c7ed0120677a94a1590cb"},
    {file = "coverage-6.4.1-cp37-cp37m-musllinux_1_1_aarch64.whl", hash = "sha256:cec3a0f75c8f1031825e19cd86ee787e87cf03e4fd2865c79c057092e69e3a3b"},
    {file = "coverage-6.4.1-cp37-cp37m-musllinux_1_1_i686.whl", hash = "sha256:129cd05ba6f0d08a766d942a9ed4b29283aff7b2cccf5b7ce279d50796860bb3"},
    {file = "coverage-6.4.1-cp37-cp37m-musllinux_1_1_x86_64.whl", hash = "sha256:bf5601c33213d3cb19d17a796f8a14a9eaa5e87629a53979a5981e3e3ae166f6"},
    {file = "coverage-6.4.1-cp37-cp37m-win32.whl", hash = "sha256:269eaa2c20a13a5bf17558d4dc91a8d078c4fa1872f25303dddcbba3a813085e"},
    {file = "coverage-6.4.1-cp37-cp37m-win_amd64.whl", hash = "sha256:f02cbbf8119db68455b9d763f2f8737bb7db7e43720afa07d8eb1604e5c5ae28"},
    {file = "coverage-6.4.1-cp38-cp38-macosx_10_9_x86_64.whl", hash = "sha256:ffa9297c3a453fba4717d06df579af42ab9a28022444cae7fa605af4df612d54"},
    {file = "coverage-6.4.1-cp38-cp38-macosx_11_0_arm64.whl", hash = "sha256:145f296d00441ca703a659e8f3eb48ae39fb083baba2d7ce4482fb2723e050d9"},
    {file = "coverage-6.4.1-cp38-cp38-manylinux_2_17_aarch64.manylinux2014_aarch64.whl", hash = "sha256:d67d44996140af8b84284e5e7d398e589574b376fb4de8ccd28d82ad8e3bea13"},
    {file = "coverage-6.4.1-cp38-cp38-manylinux_2_5_i686.manylinux1_i686.manylinux_2_17_i686.manylinux2014_i686.whl", hash = "sha256:2bd9a6fc18aab8d2e18f89b7ff91c0f34ff4d5e0ba0b33e989b3cd4194c81fd9"},
    {file = "coverage-6.4.1-cp38-cp38-manylinux_2_5_x86_64.manylinux1_x86_64.manylinux_2_17_x86_64.manylinux2014_x86_64.whl", hash = "sha256:3384f2a3652cef289e38100f2d037956194a837221edd520a7ee5b42d00cc605"},
    {file = "coverage-6.4.1-cp38-cp38-musllinux_1_1_aarch64.whl", hash = "sha256:9b3e07152b4563722be523e8cd0b209e0d1a373022cfbde395ebb6575bf6790d"},
    {file = "coverage-6.4.1-cp38-cp38-musllinux_1_1_i686.whl", hash = "sha256:1480ff858b4113db2718848d7b2d1b75bc79895a9c22e76a221b9d8d62496428"},
    {file = "coverage-6.4.1-cp38-cp38-musllinux_1_1_x86_64.whl", hash = "sha256:865d69ae811a392f4d06bde506d531f6a28a00af36f5c8649684a9e5e4a85c83"},
    {file = "coverage-6.4.1-cp38-cp38-win32.whl", hash = "sha256:664a47ce62fe4bef9e2d2c430306e1428ecea207ffd68649e3b942fa8ea83b0b"},
    {file = "coverage-6.4.1-cp38-cp38-win_amd64.whl", hash = "sha256:26dff09fb0d82693ba9e6231248641d60ba606150d02ed45110f9ec26404ed1c"},
    {file = "coverage-6.4.1-cp39-cp39-macosx_10_9_x86_64.whl", hash = "sha256:d9c80df769f5ec05ad21ea34be7458d1dc51ff1fb4b2219e77fe24edf462d6df"},
    {file = "coverage-6.4.1-cp39-cp39-macosx_11_0_arm64.whl", hash = "sha256:39ee53946bf009788108b4dd2894bf1349b4e0ca18c2016ffa7d26ce46b8f10d"},
    {file = "coverage-6.4.1-cp39-cp39-manylinux_2_17_aarch64.manylinux2014_aarch64.whl", hash = "sha256:f5b66caa62922531059bc5ac04f836860412f7f88d38a476eda0a6f11d4724f4"},
    {file = "coverage-6.4.1-cp39-cp39-manylinux_2_5_i686.manylinux1_i686.manylinux_2_17_i686.manylinux2014_i686.whl", hash = "sha256:fd180ed867e289964404051a958f7cccabdeed423f91a899829264bb7974d3d3"},
    {file = "coverage-6.4.1-cp39-cp39-manylinux_2_5_x86_64.manylinux1_x86_64.manylinux_2_17_x86_64.manylinux2014_x86_64.whl", hash = "sha256:84631e81dd053e8a0d4967cedab6db94345f1c36107c71698f746cb2636c63e3"},
    {file = "coverage-6.4.1-cp39-cp39-musllinux_1_1_aarch64.whl", hash = "sha256:8c08da0bd238f2970230c2a0d28ff0e99961598cb2e810245d7fc5afcf1254e8"},
    {file = "coverage-6.4.1-cp39-cp39-musllinux_1_1_i686.whl", hash = "sha256:d42c549a8f41dc103a8004b9f0c433e2086add8a719da00e246e17cbe4056f72"},
    {file = "coverage-6.4.1-cp39-cp39-musllinux_1_1_x86_64.whl", hash = "sha256:309ce4a522ed5fca432af4ebe0f32b21d6d7ccbb0f5fcc99290e71feba67c264"},
    {file = "coverage-6.4.1-cp39-cp39-win32.whl", hash = "sha256:fdb6f7bd51c2d1714cea40718f6149ad9be6a2ee7d93b19e9f00934c0f2a74d9"},
    {file = "coverage-6.4.1-cp39-cp39-win_amd64.whl", hash = "sha256:342d4aefd1c3e7f620a13f4fe563154d808b69cccef415415aece4c786665397"},
    {file = "coverage-6.4.1-pp36.pp37.pp38-none-any.whl", hash = "sha256:4803e7ccf93230accb928f3a68f00ffa80a88213af98ed338a57ad021ef06815"},
    {file = "coverage-6.4.1.tar.gz", hash = "sha256:4321f075095a096e70aff1d002030ee612b65a205a0a0f5b815280d5dc58100c"},
]
geolinks = [
    {file = "geolinks-0.2.0.tar.gz", hash = "sha256:724b94b3ed619c2282acc74b7908cf866c10e7d97920a882349f1f22df79ca43"},
]
lxml = [
    {file = "lxml-4.9.1-cp27-cp27m-macosx_10_15_x86_64.whl", hash = "sha256:98cafc618614d72b02185ac583c6f7796202062c41d2eeecdf07820bad3295ed"},
    {file = "lxml-4.9.1-cp27-cp27m-manylinux_2_5_i686.manylinux1_i686.whl", hash = "sha256:c62e8dd9754b7debda0c5ba59d34509c4688f853588d75b53c3791983faa96fc"},
    {file = "lxml-4.9.1-cp27-cp27m-manylinux_2_5_x86_64.manylinux1_x86_64.whl", hash = "sha256:21fb3d24ab430fc538a96e9fbb9b150029914805d551deeac7d7822f64631dfc"},
    {file = "lxml-4.9.1-cp27-cp27m-win32.whl", hash = "sha256:86e92728ef3fc842c50a5cb1d5ba2bc66db7da08a7af53fb3da79e202d1b2cd3"},
    {file = "lxml-4.9.1-cp27-cp27m-win_amd64.whl", hash = "sha256:4cfbe42c686f33944e12f45a27d25a492cc0e43e1dc1da5d6a87cbcaf2e95627"},
    {file = "lxml-4.9.1-cp27-cp27mu-manylinux_2_5_i686.manylinux1_i686.whl", hash = "sha256:dad7b164905d3e534883281c050180afcf1e230c3d4a54e8038aa5cfcf312b84"},
    {file = "lxml-4.9.1-cp27-cp27mu-manylinux_2_5_x86_64.manylinux1_x86_64.whl", hash = "sha256:a614e4afed58c14254e67862456d212c4dcceebab2eaa44d627c2ca04bf86837"},
    {file = "lxml-4.9.1-cp310-cp310-macosx_10_15_universal2.whl", hash = "sha256:49a866923e69bc7da45a0565636243707c22752fc38f6b9d5c8428a86121022c"},
    {file = "lxml-4.9.1-cp310-cp310-manylinux_2_12_i686.manylinux2010_i686.manylinux_2_24_i686.whl", hash = "sha256:f9ced82717c7ec65a67667bb05865ffe38af0e835cdd78728f1209c8fffe0cad"},
    {file = "lxml-4.9.1-cp310-cp310-manylinux_2_17_aarch64.manylinux2014_aarch64.manylinux_2_24_aarch64.whl", hash = "sha256:d9fc0bf3ff86c17348dfc5d322f627d78273eba545db865c3cd14b3f19e57fa5"},
    {file = "lxml-4.9.1-cp310-cp310-manylinux_2_17_x86_64.manylinux2014_x86_64.manylinux_2_24_x86_64.whl", hash = "sha256:e5f66bdf0976ec667fc4594d2812a00b07ed14d1b44259d19a41ae3fff99f2b8"},
    {file = "lxml-4.9.1-cp310-cp310-musllinux_1_1_aarch64.whl", hash = "sha256:fe17d10b97fdf58155f858606bddb4e037b805a60ae023c009f760d8361a4eb8"},
    {file = "lxml-4.9.1-cp310-cp310-musllinux_1_1_x86_64.whl", hash = "sha256:8caf4d16b31961e964c62194ea3e26a0e9561cdf72eecb1781458b67ec83423d"},
    {file = "lxml-4.9.1-cp310-cp310-win32.whl", hash = "sha256:4780677767dd52b99f0af1f123bc2c22873d30b474aa0e2fc3fe5e02217687c7"},
    {file = "lxml-4.9.1-cp310-cp310-win_amd64.whl", hash = "sha256:b122a188cd292c4d2fcd78d04f863b789ef43aa129b233d7c9004de08693728b"},
    {file = "lxml-4.9.1-cp311-cp311-manylinux_2_12_i686.manylinux2010_i686.manylinux_2_24_i686.whl", hash = "sha256:be9eb06489bc975c38706902cbc6888f39e946b81383abc2838d186f0e8b6a9d"},
    {file = "lxml-4.9.1-cp311-cp311-manylinux_2_17_x86_64.manylinux2014_x86_64.manylinux_2_24_x86_64.whl", hash = "sha256:f1be258c4d3dc609e654a1dc59d37b17d7fef05df912c01fc2e15eb43a9735f3"},
    {file = "lxml-4.9.1-cp311-cp311-musllinux_1_1_x86_64.whl", hash = "sha256:927a9dd016d6033bc12e0bf5dee1dde140235fc8d0d51099353c76081c03dc29"},
    {file = "lxml-4.9.1-cp35-cp35m-manylinux_2_5_i686.manylinux1_i686.whl", hash = "sha256:9232b09f5efee6a495a99ae6824881940d6447debe272ea400c02e3b68aad85d"},
    {file = "lxml-4.9.1-cp35-cp35m-manylinux_2_5_x86_64.manylinux1_x86_64.whl", hash = "sha256:04da965dfebb5dac2619cb90fcf93efdb35b3c6994fea58a157a834f2f94b318"},
    {file = "lxml-4.9.1-cp35-cp35m-win32.whl", hash = "sha256:4d5bae0a37af799207140652a700f21a85946f107a199bcb06720b13a4f1f0b7"},
    {file = "lxml-4.9.1-cp35-cp35m-win_amd64.whl", hash = "sha256:4878e667ebabe9b65e785ac8da4d48886fe81193a84bbe49f12acff8f7a383a4"},
    {file = "lxml-4.9.1-cp36-cp36m-macosx_10_15_x86_64.whl", hash = "sha256:1355755b62c28950f9ce123c7a41460ed9743c699905cbe664a5bcc5c9c7c7fb"},
    {file = "lxml-4.9.1-cp36-cp36m-manylinux_2_12_i686.manylinux2010_i686.manylinux_2_24_i686.whl", hash = "sha256:bcaa1c495ce623966d9fc8a187da80082334236a2a1c7e141763ffaf7a405067"},
    {file = "lxml-4.9.1-cp36-cp36m-manylinux_2_17_aarch64.manylinux2014_aarch64.whl", hash = "sha256:6eafc048ea3f1b3c136c71a86db393be36b5b3d9c87b1c25204e7d397cee9536"},
    {file = "lxml-4.9.1-cp36-cp36m-manylinux_2_17_x86_64.manylinux2014_x86_64.manylinux_2_24_x86_64.whl", hash = "sha256:13c90064b224e10c14dcdf8086688d3f0e612db53766e7478d7754703295c7c8"},
    {file = "lxml-4.9.1-cp36-cp36m-manylinux_2_5_i686.manylinux1_i686.whl", hash = "sha256:206a51077773c6c5d2ce1991327cda719063a47adc02bd703c56a662cdb6c58b"},
    {file = "lxml-4.9.1-cp36-cp36m-manylinux_2_5_x86_64.manylinux1_x86_64.whl", hash = "sha256:e8f0c9d65da595cfe91713bc1222af9ecabd37971762cb830dea2fc3b3bb2acf"},
    {file = "lxml-4.9.1-cp36-cp36m-musllinux_1_1_aarch64.whl", hash = "sha256:8f0a4d179c9a941eb80c3a63cdb495e539e064f8054230844dcf2fcb812b71d3"},
    {file = "lxml-4.9.1-cp36-cp36m-musllinux_1_1_x86_64.whl", hash = "sha256:830c88747dce8a3e7525defa68afd742b4580df6aa2fdd6f0855481e3994d391"},
    {file = "lxml-4.9.1-cp36-cp36m-win32.whl", hash = "sha256:1e1cf47774373777936c5aabad489fef7b1c087dcd1f426b621fda9dcc12994e"},
    {file = "lxml-4.9.1-cp36-cp36m-win_amd64.whl", hash = "sha256:5974895115737a74a00b321e339b9c3f45c20275d226398ae79ac008d908bff7"},
    {file = "lxml-4.9.1-cp37-cp37m-macosx_10_15_x86_64.whl", hash = "sha256:1423631e3d51008871299525b541413c9b6c6423593e89f9c4cfbe8460afc0a2"},
    {file = "lxml-4.9.1-cp37-cp37m-manylinux_2_12_i686.manylinux2010_i686.manylinux_2_24_i686.whl", hash = "sha256:2aaf6a0a6465d39b5ca69688fce82d20088c1838534982996ec46633dc7ad6cc"},
    {file = "lxml-4.9.1-cp37-cp37m-manylinux_2_17_aarch64.manylinux2014_aarch64.manylinux_2_24_aarch64.whl", hash = "sha256:9f36de4cd0c262dd9927886cc2305aa3f2210db437aa4fed3fb4940b8bf4592c"},
    {file = "lxml-4.9.1-cp37-cp37m-manylinux_2_17_x86_64.manylinux2014_x86_64.manylinux_2_24_x86_64.whl", hash = "sha256:ae06c1e4bc60ee076292e582a7512f304abdf6c70db59b56745cca1684f875a4"},
    {file = "lxml-4.9.1-cp37-cp37m-manylinux_2_5_i686.manylinux1_i686.whl", hash = "sha256:57e4d637258703d14171b54203fd6822fda218c6c2658a7d30816b10995f29f3"},
    {file = "lxml-4.9.1-cp37-cp37m-manylinux_2_5_x86_64.manylinux1_x86_64.whl", hash = "sha256:6d279033bf614953c3fc4a0aa9ac33a21e8044ca72d4fa8b9273fe75359d5cca"},
    {file = "lxml-4.9.1-cp37-cp37m-musllinux_1_1_aarch64.whl", hash = "sha256:a60f90bba4c37962cbf210f0188ecca87daafdf60271f4c6948606e4dabf8785"},
    {file = "lxml-4.9.1-cp37-cp37m-musllinux_1_1_x86_64.whl", hash = "sha256:6ca2264f341dd81e41f3fffecec6e446aa2121e0b8d026fb5130e02de1402785"},
    {file = "lxml-4.9.1-cp37-cp37m-win32.whl", hash = "sha256:27e590352c76156f50f538dbcebd1925317a0f70540f7dc8c97d2931c595783a"},
    {file = "lxml-4.9.1-cp37-cp37m-win_amd64.whl", hash = "sha256:eea5d6443b093e1545ad0210e6cf27f920482bfcf5c77cdc8596aec73523bb7e"},
    {file = "lxml-4.9.1-cp38-cp38-macosx_10_15_x86_64.whl", hash = "sha256:f05251bbc2145349b8d0b77c0d4e5f3b228418807b1ee27cefb11f69ed3d233b"},
    {file = "lxml-4.9.1-cp38-cp38-manylinux_2_12_i686.manylinux2010_i686.manylinux_2_24_i686.whl", hash = "sha256:487c8e61d7acc50b8be82bda8c8d21d20e133c3cbf41bd8ad7eb1aaeb3f07c97"},
    {file = "lxml-4.9.1-cp38-cp38-manylinux_2_17_aarch64.manylinux2014_aarch64.manylinux_2_24_aarch64.whl", hash = "sha256:8d1a92d8e90b286d491e5626af53afef2ba04da33e82e30744795c71880eaa21"},
    {file = "lxml-4.9.1-cp38-cp38-manylinux_2_17_x86_64.manylinux2014_x86_64.manylinux_2_24_x86_64.whl", hash = "sha256:b570da8cd0012f4af9fa76a5635cd31f707473e65a5a335b186069d5c7121ff2"},
    {file = "lxml-4.9.1-cp38-cp38-manylinux_2_5_i686.manylinux1_i686.whl", hash = "sha256:5ef87fca280fb15342726bd5f980f6faf8b84a5287fcc2d4962ea8af88b35130"},
    {file = "lxml-4.9.1-cp38-cp38-manylinux_2_5_x86_64.manylinux1_x86_64.whl", hash = "sha256:93e414e3206779ef41e5ff2448067213febf260ba747fc65389a3ddaa3fb8715"},
    {file = "lxml-4.9.1-cp38-cp38-musllinux_1_1_aarch64.whl", hash = "sha256:6653071f4f9bac46fbc30f3c7838b0e9063ee335908c5d61fb7a4a86c8fd2036"},
    {file = "lxml-4.9.1-cp38-cp38-musllinux_1_1_x86_64.whl", hash = "sha256:32a73c53783becdb7eaf75a2a1525ea8e49379fb7248c3eeefb9412123536387"},
    {file = "lxml-4.9.1-cp38-cp38-win32.whl", hash = "sha256:1a7c59c6ffd6ef5db362b798f350e24ab2cfa5700d53ac6681918f314a4d3b94"},
    {file = "lxml-4.9.1-cp38-cp38-win_amd64.whl", hash = "sha256:1436cf0063bba7888e43f1ba8d58824f085410ea2025befe81150aceb123e345"},
    {file = "lxml-4.9.1-cp39-cp39-macosx_10_15_x86_64.whl", hash = "sha256:4beea0f31491bc086991b97517b9683e5cfb369205dac0148ef685ac12a20a67"},
    {file = "lxml-4.9.1-cp39-cp39-manylinux_2_12_i686.manylinux2010_i686.manylinux_2_24_i686.whl", hash = "sha256:41fb58868b816c202e8881fd0f179a4644ce6e7cbbb248ef0283a34b73ec73bb"},
    {file = "lxml-4.9.1-cp39-cp39-manylinux_2_17_aarch64.manylinux2014_aarch64.manylinux_2_24_aarch64.whl", hash = "sha256:bd34f6d1810d9354dc7e35158aa6cc33456be7706df4420819af6ed966e85448"},
    {file = "lxml-4.9.1-cp39-cp39-manylinux_2_17_x86_64.manylinux2014_x86_64.manylinux_2_24_x86_64.whl", hash = "sha256:edffbe3c510d8f4bf8640e02ca019e48a9b72357318383ca60e3330c23aaffc7"},
    {file = "lxml-4.9.1-cp39-cp39-manylinux_2_5_i686.manylinux1_i686.whl", hash = "sha256:6d949f53ad4fc7cf02c44d6678e7ff05ec5f5552b235b9e136bd52e9bf730b91"},
    {file = "lxml-4.9.1-cp39-cp39-manylinux_2_5_x86_64.manylinux1_x86_64.whl", hash = "sha256:079b68f197c796e42aa80b1f739f058dcee796dc725cc9a1be0cdb08fc45b000"},
    {file = "lxml-4.9.1-cp39-cp39-musllinux_1_1_aarch64.whl", hash = "sha256:9c3a88d20e4fe4a2a4a84bf439a5ac9c9aba400b85244c63a1ab7088f85d9d25"},
    {file = "lxml-4.9.1-cp39-cp39-musllinux_1_1_x86_64.whl", hash = "sha256:4e285b5f2bf321fc0857b491b5028c5f276ec0c873b985d58d7748ece1d770dd"},
    {file = "lxml-4.9.1-cp39-cp39-win32.whl", hash = "sha256:ef72013e20dd5ba86a8ae1aed7f56f31d3374189aa8b433e7b12ad182c0d2dfb"},
    {file = "lxml-4.9.1-cp39-cp39-win_amd64.whl", hash = "sha256:10d2017f9150248563bb579cd0d07c61c58da85c922b780060dcc9a3aa9f432d"},
    {file = "lxml-4.9.1-pp37-pypy37_pp73-macosx_10_15_x86_64.whl", hash = "sha256:0538747a9d7827ce3e16a8fdd201a99e661c7dee3c96c885d8ecba3c35d1032c"},
    {file = "lxml-4.9.1-pp37-pypy37_pp73-manylinux_2_12_i686.manylinux2010_i686.manylinux_2_24_i686.whl", hash = "sha256:0645e934e940107e2fdbe7c5b6fb8ec6232444260752598bc4d09511bd056c0b"},
    {file = "lxml-4.9.1-pp37-pypy37_pp73-manylinux_2_17_x86_64.manylinux2014_x86_64.manylinux_2_24_x86_64.whl", hash = "sha256:6daa662aba22ef3258934105be2dd9afa5bb45748f4f702a3b39a5bf53a1f4dc"},
    {file = "lxml-4.9.1-pp38-pypy38_pp73-macosx_10_15_x86_64.whl", hash = "sha256:603a464c2e67d8a546ddaa206d98e3246e5db05594b97db844c2f0a1af37cf5b"},
    {file = "lxml-4.9.1-pp38-pypy38_pp73-manylinux_2_12_i686.manylinux2010_i686.manylinux_2_24_i686.whl", hash = "sha256:c4b2e0559b68455c085fb0f6178e9752c4be3bba104d6e881eb5573b399d1eb2"},
    {file = "lxml-4.9.1-pp38-pypy38_pp73-manylinux_2_17_x86_64.manylinux2014_x86_64.manylinux_2_24_x86_64.whl", hash = "sha256:0f3f0059891d3254c7b5fb935330d6db38d6519ecd238ca4fce93c234b4a0f73"},
    {file = "lxml-4.9.1-pp39-pypy39_pp73-manylinux_2_12_i686.manylinux2010_i686.manylinux_2_24_i686.whl", hash = "sha256:c852b1530083a620cb0de5f3cd6826f19862bafeaf77586f1aef326e49d95f0c"},
    {file = "lxml-4.9.1-pp39-pypy39_pp73-manylinux_2_17_x86_64.manylinux2014_x86_64.manylinux_2_24_x86_64.whl", hash = "sha256:287605bede6bd36e930577c5925fcea17cb30453d96a7b4c63c14a257118dbb9"},
    {file = "lxml-4.9.1.tar.gz", hash = "sha256:fe749b052bb7233fe5d072fcb549221a8cb1a16725c47c37e42b0b9cb3ff2c3f"},
]
mock = [
    {file = "mock-4.0.3-py3-none-any.whl", hash = "sha256:122fcb64ee37cfad5b3f48d7a7d51875d7031aaf3d8be7c42e2bee25044eee62"},
    {file = "mock-4.0.3.tar.gz", hash = "sha256:7d3fbbde18228f4ff2f1f119a45cdffa458b4c0dee32eb4d2bb2f82554bac7bc"},
]
nose2 = [
    {file = "nose2-0.11.0-py2.py3-none-any.whl", hash = "sha256:d37e75e3010bb4739fe6045a29d4c633ac3146cb5704ee4e4a9e4abeceb2dee3"},
    {file = "nose2-0.11.0.tar.gz", hash = "sha256:6d208d7d6ec9f9d55c74dac81c9394bc3906dbef81a8ca5420b2b9b7f8e69de9"},
]
six = [
    {file = "six-1.16.0-py2.py3-none-any.whl", hash = "sha256:8abb2f1d86890a2dfb989f9a77cfcfd3e47c2a354b01111771326f8aa26e0254"},
    {file = "six-1.16.0.tar.gz", hash = "sha256:1e61c37477a1626458e36f7b1d82aa5c9b094fa4802892072e49de9c60c4c926"},
]
